Microsoft Visual Studio Solution File, Format Version 12.00
# Visual Studio Version 17
VisualStudioVersion = 17.5.2.0
MinimumVisualStudioVersion = 10.0.40219.1
Project("{FAE04EC0-301F-11D3-BF4B-00C04F79EFBC}") = "Projects", "Projects\Projects.csproj", "{AEC72561-6437-2FD6-C078-F598F9742B3D}"
EndProject
Global
	GlobalSection(SolutionConfigurationPlatforms) = preSolution
		Debug|Any CPU = Debug|Any CPU
		Release|Any CPU = Release|Any CPU
	EndGlobalSection
	GlobalSection(ProjectConfigurationPlatforms) = postSolution
		{AEC72561-6437-2FD6-C078-F598F9742B3D}.Debug|Any CPU.ActiveCfg = Debug|Any CPU
		{AEC72561-6437-2FD6-C078-F598F9742B3D}.Debug|Any CPU.Build.0 = Debug|Any CPU
		{AEC72561-6437-2FD6-C078-F598F9742B3D}.Release|Any CPU.ActiveCfg = Release|Any CPU
		{AEC72561-6437-2FD6-C078-F598F9742B3D}.Release|Any CPU.Build.0 = Release|Any CPU
	EndGlobalSection
	GlobalSection(SolutionProperties) = preSolution
		HideSolutionNode = FALSE
	EndGlobalSection
	GlobalSection(ExtensibilityGlobals) = postSolution
		SolutionGuid = {C87554D2-43BC-4212-9B01-71D36B24BA7B}
	EndGlobalSection
EndGlobal
